
Microsoft Visual Studio Solution File, Format Version 12.00
# Visual Studio Version 17
VisualStudioVersion = 17.5.33414.496
MinimumVisualStudioVersion = 10.0.40219.1
Project("{FAE04EC0-301F-11D3-BF4B-00C04F79EFBC}") = "SupportWPF", "SupportWPF\SupportWPF.csproj", "{9681D0FB-3D3C-40D5-9CBC-94C274159CEC}"
EndProject
Global
	GlobalSection(SolutionConfigurationPlatforms) = preSolution
		Debug|Any CPU = Debug|Any CPU
		Release|Any CPU = Release|Any CPU
	EndGlobalSection
	GlobalSection(ProjectConfigurationPlatforms) = postSolution
		{9681D0FB-3D3C-40D5-9CBC-94C274159CEC}.Debug|Any CPU.ActiveCfg = Debug|Any CPU
		{9681D0FB-3D3C-40D5-9CBC-94C274159CEC}.Debug|Any CPU.Build.0 = Debug|Any CPU
		{9681D0FB-3D3C-40D5-9CBC-94C274159CEC}.Release|Any CPU.ActiveCfg = Release|Any CPU
		{9681D0FB-3D3C-40D5-9CBC-94C274159CEC}.Release|Any CPU.Build.0 = Release|Any CPU
	EndGlobalSection
	GlobalSection(SolutionProperties) = preSolution
		HideSolutionNode = FALSE
	EndGlobalSection
	GlobalSection(ExtensibilityGlobals) = postSolution
		SolutionGuid = {1EA3536F-2969-40DF-93DE-305BB4AED7AF}
	EndGlobalSection
EndGlobal
